{
  "name": "js-amazon-MY_COPY-aktualny",
  "lockfileVersion": 3,
  "requires": true,
  "packages": {
    "": {
      "dependencies": {
        "dayjs": "^1.11.14"
      }
    },
    "node_modules/dayjs": {
      "version": "1.11.14",
      "resolved": "https://registry.npmjs.org/dayjs/-/dayjs-1.11.14.tgz",
      "integrity": "sha512-E8fIdSxUlyqSA8XYGnNa3IkIzxtEmFjI+JU/6ic0P1zmSqyL6HyG5jHnpPjRguDNiaHLpfvHKWFiohNsJLqcJQ==",
      "license": "MIT"
    }
  }
}
